
Microsoft Visual Studio Solution File, Format Version 12.00
# Visual Studio 15
VisualStudioVersion = 15.0.27130.2027
MinimumVisualStudioVersion = 10.0.40219.1
Project("{FAE04EC0-301F-11D3-BF4B-00C04F79EFBC}") = "WindowsFormsAppMT", "WindowsFormsAppMT\WindowsFormsAppMT.csproj", "{61625D06-F13C-41ED-80FB-2FBA11B615FB}"
EndProject
Global
	GlobalSection(SolutionConfigurationPlatforms) = preSolution
		Debug|Any CPU = Debug|Any CPU
		Release|Any CPU = Release|Any CPU
	EndGlobalSection
	GlobalSection(ProjectConfigurationPlatforms) = postSolution
		{61625D06-F13C-41ED-80FB-2FBA11B615FB}.Debug|Any CPU.ActiveCfg = Debug|Any CPU
		{61625D06-F13C-41ED-80FB-2FBA11B615FB}.Debug|Any CPU.Build.0 = Debug|Any CPU
		{61625D06-F13C-41ED-80FB-2FBA11B615FB}.Release|Any CPU.ActiveCfg = Release|Any CPU
		{61625D06-F13C-41ED-80FB-2FBA11B615FB}.Release|Any CPU.Build.0 = Release|Any CPU
	EndGlobalSection
	GlobalSection(SolutionProperties) = preSolution
		HideSolutionNode = FALSE
	EndGlobalSection
	GlobalSection(ExtensibilityGlobals) = postSolution
		SolutionGuid = {53CFD6FB-1B4B-4CFF-9695-CBBC66311733}
	EndGlobalSection
EndGlobal
